github.com/aclements/go-moremath v0.0.0-20210112150236-f10218a38794 h1:xlwdaKcTNVW4PtpQb8aKA4Pjy0CdJHEqvFbAnvR5m2g=
github.com/aclements/go-moremath v0.0.0-20210112150236-f10218a38794/go.mod h1:7e+I0LQFUI9AXWxOfsQROs9xPhoJtbsyWcjJqDd4KPY=
golang.org/x/perf v0.0.0-20250305200902-02a15fd477ba h1:0iM7SkkyXtZKGBWfn+ka1Rj6VOCRyFMkEHaCWsaR7no=
golang.org/x/perf v0.0.0-20250305200902-02a15fd477ba/go.mod h1:YEhzh+7vn0fUjydWEf27T4XWyeMDdRK44swFIgYh/nY=
